
Microsoft Visual Studio Solution File, Format Version 12.00
# Visual Studio Version 17
VisualStudioVersion = 17.0.31903.59
MinimumVisualStudioVersion = 10.0.40219.1
Project("{9A19103F-16F7-4668-BE54-9A1E7A4F7556}") = "API", "API\API.csproj", "{E787C6C8-8CDD-4D51-82B4-E46E3C903707}"
EndProject
Project("{9A19103F-16F7-4668-BE54-9A1E7A4F7556}") = "Core", "Core\Core.csproj", "{9802F188-28A8-49EF-B60B-CEEDA00B1CFB}"
EndProject
Project("{9A19103F-16F7-4668-BE54-9A1E7A4F7556}") = "Infrastructure", "Infrastructure\Infrastructure.csproj", "{02B7B941-3AD6-4D34-9EE6-6D23FFA14236}"
EndProject
Project("{2150E333-8FDC-42A3-9474-1A3956D46DE8}") = "Solution Items", "Solution Items", "{BFEA7732-7C38-43F2-8B51-41E2A017F243}"
	ProjectSection(SolutionItems) = preProject
		captain-definition = captain-definition
		docker-compose.yml = docker-compose.yml
	EndProjectSection
EndProject
Global
	GlobalSection(SolutionConfigurationPlatforms) = preSolution
		Debug|Any CPU = Debug|Any CPU
		Release|Any CPU = Release|Any CPU
	EndGlobalSection
	GlobalSection(ProjectConfigurationPlatforms) = postSolution
		{E787C6C8-8CDD-4D51-82B4-E46E3C903707}.Debug|Any CPU.ActiveCfg = Debug|Any CPU
		{E787C6C8-8CDD-4D51-82B4-E46E3C903707}.Debug|Any CPU.Build.0 = Debug|Any CPU
		{E787C6C8-8CDD-4D51-82B4-E46E3C903707}.Release|Any CPU.ActiveCfg = Release|Any CPU
		{E787C6C8-8CDD-4D51-82B4-E46E3C903707}.Release|Any CPU.Build.0 = Release|Any CPU
		{9802F188-28A8-49EF-B60B-CEEDA00B1CFB}.Debug|Any CPU.ActiveCfg = Debug|Any CPU
		{9802F188-28A8-49EF-B60B-CEEDA00B1CFB}.Debug|Any CPU.Build.0 = Debug|Any CPU
		{9802F188-28A8-49EF-B60B-CEEDA00B1CFB}.Release|Any CPU.ActiveCfg = Release|Any CPU
		{9802F188-28A8-49EF-B60B-CEEDA00B1CFB}.Release|Any CPU.Build.0 = Release|Any CPU
		{02B7B941-3AD6-4D34-9EE6-6D23FFA14236}.Debug|Any CPU.ActiveCfg = Debug|Any CPU
		{02B7B941-3AD6-4D34-9EE6-6D23FFA14236}.Debug|Any CPU.Build.0 = Debug|Any CPU
		{02B7B941-3AD6-4D34-9EE6-6D23FFA14236}.Release|Any CPU.ActiveCfg = Release|Any CPU
		{02B7B941-3AD6-4D34-9EE6-6D23FFA14236}.Release|Any CPU.Build.0 = Release|Any CPU
	EndGlobalSection
	GlobalSection(SolutionProperties) = preSolution
		HideSolutionNode = FALSE
	EndGlobalSection
	GlobalSection(ExtensibilityGlobals) = postSolution
		SolutionGuid = {BA94FB10-322B-467C-9075-FF28EB6FCEE0}
	EndGlobalSection
EndGlobal
